// !$*UTF8*$!
{
	archiveVersion = 1;
	classes = {
	};
	objectVersion = 56;
	objects = {

/* Begin PBXBuildFile section */
		B204C89229048DFF004C5D8C /* News.swift in Sources */ = {isa = PBXBuildFile; fileRef = B204C89129048DFF004C5D8C /* News.swift */; };
		B204C89629048E20004C5D8C /* Team.swift in Sources */ = {isa = PBXBuildFile; fileRef = B204C89529048E20004C5D8C /* Team.swift */; };
		B204C89829048F07004C5D8C /* Home.swift in Sources */ = {isa = PBXBuildFile; fileRef = B204C89729048F07004C5D8C /* Home.swift */; };
		B204C8A62904A9CB004C5D8C /* News_martin.swift in Sources */ = {isa = PBXBuildFile; fileRef = B204C8A52904A9CB004C5D8C /* News_martin.swift */; };
		B204C8A82904ABDB004C5D8C /* News_sign.swift in Sources */ = {isa = PBXBuildFile; fileRef = B204C8A72904ABDB004C5D8C /* News_sign.swift */; };
		B204C8AB2904AC1D004C5D8C /* News_sign2.swift in Sources */ = {isa = PBXBuildFile; fileRef = B204C8AA2904AC1D004C5D8C /* News_sign2.swift */; };
		B204C8AD2904AC3A004C5D8C /* News_boat.swift in Sources */ = {isa = PBXBuildFile; fileRef = B204C8AC2904AC3A004C5D8C /* News_boat.swift */; };
		B204C8AF290546F3004C5D8C /* teamdata.swift in Sources */ = {isa = PBXBuildFile; fileRef = B204C8AE290546F3004C5D8C /* teamdata.swift */; };
		B204C8B1290547EE004C5D8C /* teamicon.swift in Sources */ = {isa = PBXBuildFile; fileRef = B204C8B0290547EE004C5D8C /* teamicon.swift */; };
		B204C8B329055A2E004C5D8C /* riderdata.swift in Sources */ = {isa = PBXBuildFile; fileRef = B204C8B229055A2E004C5D8C /* riderdata.swift */; };
		B204C8B529055A39004C5D8C /* ridericon.swift in Sources */ = {isa = PBXBuildFile; fileRef = B204C8B429055A39004C5D8C /* ridericon.swift */; };
		B204C8CC2905607F004C5D8C /* Rider_Monster Yamaha.swift in Sources */ = {isa = PBXBuildFile; fileRef = B204C8CB2905607F004C5D8C /* Rider_Monster Yamaha.swift */; };
		B204C8CE29056135004C5D8C /* Rider_Tech3 KTM.swift in Sources */ = {isa = PBXBuildFile; fileRef = B204C8CD29056135004C5D8C /* Rider_Tech3 KTM.swift */; };
		B204C8D22905628B004C5D8C /* Rider_Aprilia Racing.swift in Sources */ = {isa = PBXBuildFile; fileRef = B204C8D12905628B004C5D8C /* Rider_Aprilia Racing.swift */; };
		B204C8D429056303004C5D8C /* Rider_Ducati Lenovo.swift in Sources */ = {isa = PBXBuildFile; fileRef = B204C8D329056303004C5D8C /* Rider_Ducati Lenovo.swift */; };
		B204C8D6290563BD004C5D8C /* Rider_Gresini Racing.swift in Sources */ = {isa = PBXBuildFile; fileRef = B204C8D5290563BD004C5D8C /* Rider_Gresini Racing.swift */; };
		B204C8D829056419004C5D8C /* Rider_LCR Honda.swift in Sources */ = {isa = PBXBuildFile; fileRef = B204C8D729056419004C5D8C /* Rider_LCR Honda.swift */; };
		B204C8DA29056487004C5D8C /* Rider_Mooney VR46.swift in Sources */ = {isa = PBXBuildFile; fileRef = B204C8D929056487004C5D8C /* Rider_Mooney VR46.swift */; };
		B204C8DC2905650A004C5D8C /* Rider_Prima Pramac Racing.swift in Sources */ = {isa = PBXBuildFile; fileRef = B204C8DB2905650A004C5D8C /* Rider_Prima Pramac Racing.swift */; };
		B204C8DE29056585004C5D8C /* Rider_Repsol Honda.swift in Sources */ = {isa = PBXBuildFile; fileRef = B204C8DD29056585004C5D8C /* Rider_Repsol Honda.swift */; };
		B204C8E02905675B004C5D8C /* Rider_Red Bull KTM.swift in Sources */ = {isa = PBXBuildFile; fileRef = B204C8DF2905675B004C5D8C /* Rider_Red Bull KTM.swift */; };
		B204C8E2290567C5004C5D8C /* Rider_WithU Yamaha.swift in Sources */ = {isa = PBXBuildFile; fileRef = B204C8E1290567C5004C5D8C /* Rider_WithU Yamaha.swift */; };
		B204C8E42905698B004C5D8C /* Rider_Suzuki.swift in Sources */ = {isa = PBXBuildFile; fileRef = B204C8E32905698B004C5D8C /* Rider_Suzuki.swift */; };
		B204C8E629057981004C5D8C /* ImageModel.swift in Sources */ = {isa = PBXBuildFile; fileRef = B204C8E529057981004C5D8C /* ImageModel.swift */; };
		B204C8E929065E39004C5D8C /* hemi head bd it.ttf in Resources */ = {isa = PBXBuildFile; fileRef = B204C8E829065E39004C5D8C /* hemi head bd it.ttf */; };
		B204C8EC290665D9004C5D8C /* NIKEA.otf in Resources */ = {isa = PBXBuildFile; fileRef = B204C8EB290665D9004C5D8C /* NIKEA.otf */; };
		B20C8DA729068FA9005CCB24 /* Liveboard.swift in Sources */ = {isa = PBXBuildFile; fileRef = B20C8DA629068FA9005CCB24 /* Liveboard.swift */; };
		B2A8B1192904042800D72339 /* MOTOGP_GuideApp.swift in Sources */ = {isa = PBXBuildFile; fileRef = B2A8B1182904042800D72339 /* MOTOGP_GuideApp.swift */; };
		B2A8B11B2904042800D72339 /* ContentView.swift in Sources */ = {isa = PBXBuildFile; fileRef = B2A8B11A2904042800D72339 /* ContentView.swift */; };
		B2A8B11D2904042900D72339 /* Assets.xcassets in Resources */ = {isa = PBXBuildFile; fileRef = B2A8B11C2904042900D72339 /* Assets.xcassets */; };
		B2A8B1202904042900D72339 /* Preview Assets.xcassets in Resources */ = {isa = PBXBuildFile; fileRef = B2A8B11F2904042900D72339 /* Preview Assets.xcassets */; };
		B2A8B127290412BC00D72339 /* Menu.swift in Sources */ = {isa = PBXBuildFile; fileRef = B2A8B126290412BC00D72339 /* Menu.swift */; };
/* End PBXBuildFile section */

/* Begin PBXFileReference section */
		B204C89129048DFF004C5D8C /* News.swift */ = {isa = PBXFileReference; lastKnownFileType = sourcecode.swift; path = News.swift; sourceTree = "<group>"; };
		B204C89529048E20004C5D8C /* Team.swift */ = {isa = PBXFileReference; lastKnownFileType = sourcecode.swift; path = Team.swift; sourceTree = "<group>"; };
		B204C89729048F07004C5D8C /* Home.swift */ = {isa = PBXFileReference; lastKnownFileType = sourcecode.swift; path = Home.swift; sourceTree = "<group>"; };
		B204C8A52904A9CB004C5D8C /* News_martin.swift */ = {isa = PBXFileReference; lastKnownFileType = sourcecode.swift; path = News_martin.swift; sourceTree = "<group>"; };
		B204C8A72904ABDB004C5D8C /* News_sign.swift */ = {isa = PBXFileReference; lastKnownFileType = sourcecode.swift; path = News_sign.swift; sourceTree = "<group>"; };
		B204C8AA2904AC1D004C5D8C /* News_sign2.swift */ = {isa = PBXFileReference; lastKnownFileType = sourcecode.swift; path = News_sign2.swift; sourceTree = "<group>"; };
		B204C8AC2904AC3A004C5D8C /* News_boat.swift */ = {isa = PBXFileReference; lastKnownFileType = sourcecode.swift; path = News_boat.swift; sourceTree = "<group>"; };
		B204C8AE290546F3004C5D8C /* teamdata.swift */ = {isa = PBXFileReference; lastKnownFileType = sourcecode.swift; path = teamdata.swift; sourceTree = "<group>"; };
		B204C8B0290547EE004C5D8C /* teamicon.swift */ = {isa = PBXFileReference; lastKnownFileType = sourcecode.swift; path = teamicon.swift; sourceTree = "<group>"; };
		B204C8B229055A2E004C5D8C /* riderdata.swift */ = {isa = PBXFileReference; lastKnownFileType = sourcecode.swift; path = riderdata.swift; sourceTree = "<group>"; };
		B204C8B429055A39004C5D8C /* ridericon.swift */ = {isa = PBXFileReference; lastKnownFileType = sourcecode.swift; path = ridericon.swift; sourceTree = "<group>"; };
		B204C8CB2905607F004C5D8C /* Rider_Monster Yamaha.swift */ = {isa = PBXFileReference; lastKnownFileType = sourcecode.swift; path = "Rider_Monster Yamaha.swift"; sourceTree = "<group>"; };
		B204C8CD29056135004C5D8C /* Rider_Tech3 KTM.swift */ = {isa = PBXFileReference; lastKnownFileType = sourcecode.swift; path = "Rider_Tech3 KTM.swift"; sourceTree = "<group>"; };
		B204C8D12905628B004C5D8C /* Rider_Aprilia Racing.swift */ = {isa = PBXFileReference; lastKnownFileType = sourcecode.swift; path = "Rider_Aprilia Racing.swift"; sourceTree = "<group>"; };
		B204C8D329056303004C5D8C /* Rider_Ducati Lenovo.swift */ = {isa = PBXFileReference; lastKnownFileType = sourcecode.swift; path = "Rider_Ducati Lenovo.swift"; sourceTree = "<group>"; };
		B204C8D5290563BD004C5D8C /* Rider_Gresini Racing.swift */ = {isa = PBXFileReference; lastKnownFileType = sourcecode.swift; path = "Rider_Gresini Racing.swift"; sourceTree = "<group>"; };
		B204C8D729056419004C5D8C /* Rider_LCR Honda.swift */ = {isa = PBXFileReference; lastKnownFileType = sourcecode.swift; path = "Rider_LCR Honda.swift"; sourceTree = "<group>"; };
		B204C8D929056487004C5D8C /* Rider_Mooney VR46.swift */ = {isa = PBXFileReference; lastKnownFileType = sourcecode.swift; path = "Rider_Mooney VR46.swift"; sourceTree = "<group>"; };
		B204C8DB2905650A004C5D8C /* Rider_Prima Pramac Racing.swift */ = {isa = PBXFileReference; lastKnownFileType = sourcecode.swift; path = "Rider_Prima Pramac Racing.swift"; sourceTree = "<group>"; };
		B204C8DD29056585004C5D8C /* Rider_Repsol Honda.swift */ = {isa = PBXFileReference; lastKnownFileType = sourcecode.swift; path = "Rider_Repsol Honda.swift"; sourceTree = "<group>"; };
		B204C8DF2905675B004C5D8C /* Rider_Red Bull KTM.swift */ = {isa = PBXFileReference; lastKnownFileType = sourcecode.swift; path = "Rider_Red Bull KTM.swift"; sourceTree = "<group>"; };
		B204C8E1290567C5004C5D8C /* Rider_WithU Yamaha.swift */ = {isa = PBXFileReference; lastKnownFileType = sourcecode.swift; path = "Rider_WithU Yamaha.swift"; sourceTree = "<group>"; };
		B204C8E32905698B004C5D8C /* Rider_Suzuki.swift */ = {isa = PBXFileReference; lastKnownFileType = sourcecode.swift; path = Rider_Suzuki.swift; sourceTree = "<group>"; };
		B204C8E529057981004C5D8C /* ImageModel.swift */ = {isa = PBXFileReference; lastKnownFileType = sourcecode.swift; path = ImageModel.swift; sourceTree = "<group>"; };
		B204C8E729065DF3004C5D8C /* MOTOGP-Guide-Info.plist */ = {isa = PBXFileReference; lastKnownFileType = text.plist; path = "MOTOGP-Guide-Info.plist"; sourceTree = SOURCE_ROOT; };
		B204C8E829065E39004C5D8C /* hemi head bd it.ttf */ = {isa = PBXFileReference; lastKnownFileType = file; path = "hemi head bd it.ttf"; sourceTree = "<group>"; };
		B204C8EB290665D9004C5D8C /* NIKEA.otf */ = {isa = PBXFileReference; lastKnownFileType = file; path = NIKEA.otf; sourceTree = "<group>"; };
		B20C8DA629068FA9005CCB24 /* Liveboard.swift */ = {isa = PBXFileReference; lastKnownFileType = sourcecode.swift; path = Liveboard.swift; sourceTree = "<group>"; };
		B2A8B1152904042800D72339 /* MOTOGP Guide.app */ = {isa = PBXFileReference; explicitFileType = wrapper.application; includeInIndex = 0; path = "MOTOGP Guide.app"; sourceTree = BUILT_PRODUCTS_DIR; };
		B2A8B1182904042800D72339 /* MOTOGP_GuideApp.swift */ = {isa = PBXFileReference; lastKnownFileType = sourcecode.swift; path = MOTOGP_GuideApp.swift; sourceTree = "<group>"; };
		B2A8B11A2904042800D72339 /* ContentView.swift */ = {isa = PBXFileReference; lastKnownFileType = sourcecode.swift; path = ContentView.swift; sourceTree = "<group>"; };
		B2A8B11C2904042900D72339 /* Assets.xcassets */ = {isa = PBXFileReference; lastKnownFileType = folder.assetcatalog; path = Assets.xcassets; sourceTree = "<group>"; };
		B2A8B11F2904042900D72339 /* Preview Assets.xcassets */ = {isa = PBXFileReference; lastKnownFileType = folder.assetcatalog; path = "Preview Assets.xcassets"; sourceTree = "<group>"; };
		B2A8B126290412BC00D72339 /* Menu.swift */ = {isa = PBXFileReference; lastKnownFileType = sourcecode.swift; path = Menu.swift; sourceTree = "<group>"; };
/* End PBXFileReference section */

/* Begin PBXFrameworksBuildPhase section */
		B2A8B1122904042800D72339 /* Frameworks */ = {
			isa = PBXFrameworksBuildPhase;
			buildActionMask = 2147483647;
			files = (
			);
			runOnlyForDeploymentPostprocessing = 0;
		};
/* End PBXFrameworksBuildPhase section */

/* Begin PBXGroup section */
		B204C8A92904ABFA004C5D8C /* Newsview */ = {
			isa = PBXGroup;
			children = (
				B204C8E529057981004C5D8C /* ImageModel.swift */,
				B204C8A72904ABDB004C5D8C /* News_sign.swift */,
				B204C8A52904A9CB004C5D8C /* News_martin.swift */,
				B204C8AA2904AC1D004C5D8C /* News_sign2.swift */,
				B204C8AC2904AC3A004C5D8C /* News_boat.swift */,
			);
			path = Newsview;
			sourceTree = "<group>";
		};
		B204C8B829055CE1004C5D8C /* Aprilia Racing */ = {
			isa = PBXGroup;
			children = (
				B204C8D12905628B004C5D8C /* Rider_Aprilia Racing.swift */,
			);
			path = "Aprilia Racing";
			sourceTree = "<group>";
		};
		B204C8B929055D1A004C5D8C /* Ducati Lenovo Team */ = {
			isa = PBXGroup;
			children = (
				B204C8D329056303004C5D8C /* Rider_Ducati Lenovo.swift */,
			);
			path = "Ducati Lenovo Team";
			sourceTree = "<group>";
		};
		B204C8BA29055D1D004C5D8C /* Gresini Racing MotoGP™ */ = {
			isa = PBXGroup;
			children = (
				B204C8D5290563BD004C5D8C /* Rider_Gresini Racing.swift */,
			);
			path = "Gresini Racing MotoGP™";
			sourceTree = "<group>";
		};
		B204C8BB29055D20004C5D8C /* LCR Honda */ = {
			isa = PBXGroup;
			children = (
				B204C8D729056419004C5D8C /* Rider_LCR Honda.swift */,
			);
			path = "LCR Honda";
			sourceTree = "<group>";
		};
		B204C8BC29055D63004C5D8C /* Mooney VR46 Racing Team */ = {
			isa = PBXGroup;
			children = (
				B204C8D929056487004C5D8C /* Rider_Mooney VR46.swift */,
			);
			path = "Mooney VR46 Racing Team";
			sourceTree = "<group>";
		};
		B204C8BD29055D65004C5D8C /* Prima Pramac Racing */ = {
			isa = PBXGroup;
			children = (
				B204C8DB2905650A004C5D8C /* Rider_Prima Pramac Racing.swift */,
			);
			path = "Prima Pramac Racing";
			sourceTree = "<group>";
		};
		B204C8BE29055D67004C5D8C /* Repsol Honda Team */ = {
			isa = PBXGroup;
			children = (
				B204C8DD29056585004C5D8C /* Rider_Repsol Honda.swift */,
			);
			path = "Repsol Honda Team";
			sourceTree = "<group>";
		};
		B204C8BF29055D80004C5D8C /* Red Bull KTM Factory Racing */ = {
			isa = PBXGroup;
			children = (
				B204C8DF2905675B004C5D8C /* Rider_Red Bull KTM.swift */,
			);
			path = "Red Bull KTM Factory Racing";
			sourceTree = "<group>";
		};
		B204C8C029055D82004C5D8C /* WithU Yamaha RNF MotoGP™ Team */ = {
			isa = PBXGroup;
			children = (
				B204C8E1290567C5004C5D8C /* Rider_WithU Yamaha.swift */,
			);
			path = "WithU Yamaha RNF MotoGP™ Team";
			sourceTree = "<group>";
		};
		B204C8C129055D97004C5D8C /* Team SUZUKI ECSTAR */ = {
			isa = PBXGroup;
			children = (
				B204C8E32905698B004C5D8C /* Rider_Suzuki.swift */,
			);
			path = "Team SUZUKI ECSTAR";
			sourceTree = "<group>";
		};
		B204C8C229055DA0004C5D8C /* Tech3 KTM Factory Racing */ = {
			isa = PBXGroup;
			children = (
				B204C8CD29056135004C5D8C /* Rider_Tech3 KTM.swift */,
			);
			path = "Tech3 KTM Factory Racing";
			sourceTree = "<group>";
		};
		B204C8C329055DA6004C5D8C /* Monster Energy Yamaha MotoGP™ */ = {
			isa = PBXGroup;
			children = (
				B204C8CB2905607F004C5D8C /* Rider_Monster Yamaha.swift */,
			);
			path = "Monster Energy Yamaha MotoGP™";
			sourceTree = "<group>";
		};
		B204C8C429055DB7004C5D8C /* Team */ = {
			isa = PBXGroup;
			children = (
				B204C8AE290546F3004C5D8C /* teamdata.swift */,
				B204C8B0290547EE004C5D8C /* teamicon.swift */,
				B204C8B229055A2E004C5D8C /* riderdata.swift */,
				B204C8B429055A39004C5D8C /* ridericon.swift */,
				B204C8C329055DA6004C5D8C /* Monster Energy Yamaha MotoGP™ */,
				B204C8C229055DA0004C5D8C /* Tech3 KTM Factory Racing */,
				B204C8C129055D97004C5D8C /* Team SUZUKI ECSTAR */,
				B204C8C029055D82004C5D8C /* WithU Yamaha RNF MotoGP™ Team */,
				B204C8BF29055D80004C5D8C /* Red Bull KTM Factory Racing */,
				B204C8BE29055D67004C5D8C /* Repsol Honda Team */,
				B204C8BD29055D65004C5D8C /* Prima Pramac Racing */,
				B204C8BC29055D63004C5D8C /* Mooney VR46 Racing Team */,
				B204C8BB29055D20004C5D8C /* LCR Honda */,
				B204C8BA29055D1D004C5D8C /* Gresini Racing MotoGP™ */,
				B204C8B929055D1A004C5D8C /* Ducati Lenovo Team */,
				B204C8B829055CE1004C5D8C /* Aprilia Racing */,
			);
			path = Team;
			sourceTree = "<group>";
		};
		B204C8EA29065E3D004C5D8C /* ttf */ = {
			isa = PBXGroup;
			children = (
				B204C8EB290665D9004C5D8C /* NIKEA.otf */,
				B204C8E829065E39004C5D8C /* hemi head bd it.ttf */,
			);
			path = ttf;
			sourceTree = "<group>";
		};
		B2A8B10C2904042800D72339 = {
			isa = PBXGroup;
			children = (
				B2A8B1172904042800D72339 /* MOTOGP Guide */,
				B2A8B1162904042800D72339 /* Products */,
			);
			sourceTree = "<group>";
		};
		B2A8B1162904042800D72339 /* Products */ = {
			isa = PBXGroup;
			children = (
				B2A8B1152904042800D72339 /* MOTOGP Guide.app */,
			);
			name = Products;
			sourceTree = "<group>";
		};
		B2A8B1172904042800D72339 /* MOTOGP Guide */ = {
			isa = PBXGroup;
			children = (
				B204C8E729065DF3004C5D8C /* MOTOGP-Guide-Info.plist */,
				B204C8C429055DB7004C5D8C /* Team */,
				B204C8A92904ABFA004C5D8C /* Newsview */,
				B204C89729048F07004C5D8C /* Home.swift */,
				B204C89529048E20004C5D8C /* Team.swift */,
				B204C89129048DFF004C5D8C /* News.swift */,
				B2A8B126290412BC00D72339 /* Menu.swift */,
				B20C8DA629068FA9005CCB24 /* Liveboard.swift */,
				B2A8B11A2904042800D72339 /* ContentView.swift */,
				B2A8B1182904042800D72339 /* MOTOGP_GuideApp.swift */,
				B204C8EA29065E3D004C5D8C /* ttf */,
				B2A8B11C2904042900D72339 /* Assets.xcassets */,
				B2A8B11E2904042900D72339 /* Preview Content */,
			);
			path = "MOTOGP Guide";
			sourceTree = "<group>";
		};
		B2A8B11E2904042900D72339 /* Preview Content */ = {
			isa = PBXGroup;
			children = (
				B2A8B11F2904042900D72339 /* Preview Assets.xcassets */,
			);
			path = "Preview Content";
			sourceTree = "<group>";
		};
/* End PBXGroup section */

/* Begin PBXNativeTarget section */
		B2A8B1142904042800D72339 /* MOTOGP Guide */ = {
			isa = PBXNativeTarget;
			buildConfigurationList = B2A8B1232904042900D72339 /* Build configuration list for PBXNativeTarget "MOTOGP Guide" */;
			buildPhases = (
				B2A8B1112904042800D72339 /* Sources */,
				B2A8B1122904042800D72339 /* Frameworks */,
				B2A8B1132904042800D72339 /* Resources */,
			);
			buildRules = (
			);
			dependencies = (
			);
			name = "MOTOGP Guide";
			productName = "MOTOGP Guide";
			productReference = B2A8B1152904042800D72339 /* MOTOGP Guide.app */;
			productType = "com.apple.product-type.application";
		};
/* End PBXNativeTarget section */

/* Begin PBXProject section */
		B2A8B10D2904042800D72339 /* Project object */ = {
			isa = PBXProject;
			attributes = {
				BuildIndependentTargetsInParallel = 1;
				LastSwiftUpdateCheck = 1400;
				LastUpgradeCheck = 1400;
				TargetAttributes = {
					B2A8B1142904042800D72339 = {
						CreatedOnToolsVersion = 14.0;
					};
				};
			};
			buildConfigurationList = B2A8B1102904042800D72339 /* Build configuration list for PBXProject "MOTOGP Guide" */;
			compatibilityVersion = "Xcode 14.0";
			developmentRegion = en;
			hasScannedForEncodings = 0;
			knownRegions = (
				en,
				Base,
			);
			mainGroup = B2A8B10C2904042800D72339;
			productRefGroup = B2A8B1162904042800D72339 /* Products */;
			projectDirPath = "";
			projectRoot = "";
			targets = (
				B2A8B1142904042800D72339 /* MOTOGP Guide */,
			);
		};
/* End PBXProject section */

/* Begin PBXResourcesBuildPhase section */
		B2A8B1132904042800D72339 /* Resources */ = {
			isa = PBXResourcesBuildPhase;
			buildActionMask = 2147483647;
			files = (
				B204C8EC290665D9004C5D8C /* NIKEA.otf in Resources */,
				B204C8E929065E39004C5D8C /* hemi head bd it.ttf in Resources */,
				B2A8B1202904042900D72339 /* Preview Assets.xcassets in Resources */,
				B2A8B11D2904042900D72339 /* Assets.xcassets in Resources */,
			);
			runOnlyForDeploymentPostprocessing = 0;
		};
/* End PBXResourcesBuildPhase section */

/* Begin PBXSourcesBuildPhase section */
		B2A8B1112904042800D72339 /* Sources */ = {
			isa = PBXSourcesBuildPhase;
			buildActionMask = 2147483647;
			files = (
				B204C8E2290567C5004C5D8C /* Rider_WithU Yamaha.swift in Sources */,
				B204C8AD2904AC3A004C5D8C /* News_boat.swift in Sources */,
				B204C8B529055A39004C5D8C /* ridericon.swift in Sources */,
				B204C8CE29056135004C5D8C /* Rider_Tech3 KTM.swift in Sources */,
				B204C89629048E20004C5D8C /* Team.swift in Sources */,
				B204C8AF290546F3004C5D8C /* teamdata.swift in Sources */,
				B20C8DA729068FA9005CCB24 /* Liveboard.swift in Sources */,
				B204C8DA29056487004C5D8C /* Rider_Mooney VR46.swift in Sources */,
				B204C8A62904A9CB004C5D8C /* News_martin.swift in Sources */,
				B2A8B127290412BC00D72339 /* Menu.swift in Sources */,
				B204C8D429056303004C5D8C /* Rider_Ducati Lenovo.swift in Sources */,
				B2A8B11B2904042800D72339 /* ContentView.swift in Sources */,
				B204C8DC2905650A004C5D8C /* Rider_Prima Pramac Racing.swift in Sources */,
				B204C8CC2905607F004C5D8C /* Rider_Monster Yamaha.swift in Sources */,
				B204C89229048DFF004C5D8C /* News.swift in Sources */,
				B204C89829048F07004C5D8C /* Home.swift in Sources */,
				B2A8B1192904042800D72339 /* MOTOGP_GuideApp.swift in Sources */,
				B204C8B1290547EE004C5D8C /* teamicon.swift in Sources */,
				B204C8D6290563BD004C5D8C /* Rider_Gresini Racing.swift in Sources */,
				B204C8D829056419004C5D8C /* Rider_LCR Honda.swift in Sources */,
				B204C8AB2904AC1D004C5D8C /* News_sign2.swift in Sources */,
				B204C8A82904ABDB004C5D8C /* News_sign.swift in Sources */,
				B204C8E42905698B004C5D8C /* Rider_Suzuki.swift in Sources */,
				B204C8E629057981004C5D8C /* ImageModel.swift in Sources */,
				B204C8D22905628B004C5D8C /* Rider_Aprilia Racing.swift in Sources */,
				B204C8E02905675B004C5D8C /* Rider_Red Bull KTM.swift in Sources */,
				B204C8B329055A2E004C5D8C /* riderdata.swift in Sources */,
				B204C8DE29056585004C5D8C /* Rider_Repsol Honda.swift in Sources */,
			);
			runOnlyForDeploymentPostprocessing = 0;
		};
/* End PBXSourcesBuildPhase section */

/* Begin XCBuildConfiguration section */
		B2A8B1212904042900D72339 /* Debug */ = {
			isa = XCBuildConfiguration;
			buildSettings = {
				ALWAYS_SEARCH_USER_PATHS = NO;
				CLANG_ANALYZER_NONNULL = YES;
				CLANG_ANALYZER_NUMBER_OBJECT_CONVERSION = YES_AGGRESSIVE;
				CLANG_CXX_LANGUAGE_STANDARD = "gnu++20";
				CLANG_ENABLE_MODULES = YES;
				CLANG_ENABLE_OBJC_ARC = YES;
				CLANG_ENABLE_OBJC_WEAK = YES;
				CLANG_WARN_BLOCK_CAPTURE_AUTORELEASING = YES;
				CLANG_WARN_BOOL_CONVERSION = YES;
				CLANG_WARN_COMMA = YES;
				CLANG_WARN_CONSTANT_CONVERSION = YES;
				CLANG_WARN_DEPRECATED_OBJC_IMPLEMENTATIONS = YES;
				CLANG_WARN_DIRECT_OBJC_ISA_USAGE = YES_ERROR;
				CLANG_WARN_DOCUMENTATION_COMMENTS = YES;
				CLANG_WARN_EMPTY_BODY = YES;
				CLANG_WARN_ENUM_CONVERSION = YES;
				CLANG_WARN_INFINITE_RECURSION = YES;
				CLANG_WARN_INT_CONVERSION = YES;
				CLANG_WARN_NON_LITERAL_NULL_CONVERSION = YES;
				CLANG_WARN_OBJC_IMPLICIT_RETAIN_SELF = YES;
				CLANG_WARN_OBJC_LITERAL_CONVERSION = YES;
				CLANG_WARN_OBJC_ROOT_CLASS = YES_ERROR;
				CLANG_WARN_QUOTED_INCLUDE_IN_FRAMEWORK_HEADER = YES;
				CLANG_WARN_RANGE_LOOP_ANALYSIS = YES;
				CLANG_WARN_STRICT_PROTOTYPES = YES;
				CLANG_WARN_SUSPICIOUS_MOVE = YES;
				CLANG_WARN_UNGUARDED_AVAILABILITY = YES_AGGRESSIVE;
				CLANG_WARN_UNREACHABLE_CODE = YES;
				CLANG_WARN__DUPLICATE_METHOD_MATCH = YES;
				COPY_PHASE_STRIP = NO;
				DEBUG_INFORMATION_FORMAT = dwarf;
				ENABLE_STRICT_OBJC_MSGSEND = YES;
				ENABLE_TESTABILITY = YES;
				GCC_C_LANGUAGE_STANDARD = gnu11;
				GCC_DYNAMIC_NO_PIC = NO;
				GCC_NO_COMMON_BLOCKS = YES;
				GCC_OPTIMIZATION_LEVEL = 0;
				GCC_PREPROCESSOR_DEFINITIONS = (
					"DEBUG=1",
					"$(inherited)",
				);
				GCC_WARN_64_TO_32_BIT_CONVERSION = YES;
				GCC_WARN_ABOUT_RETURN_TYPE = YES_ERROR;
				GCC_WARN_UNDECLARED_SELECTOR = YES;
				GCC_WARN_UNINITIALIZED_AUTOS = YES_AGGRESSIVE;
				GCC_WARN_UNUSED_FUNCTION = YES;
				GCC_WARN_UNUSED_VARIABLE = YES;
				IPHONEOS_DEPLOYMENT_TARGET = 16.0;
				MTL_ENABLE_DEBUG_INFO = INCLUDE_SOURCE;
				MTL_FAST_MATH = YES;
				ONLY_ACTIVE_ARCH = YES;
				SDKROOT = iphoneos;
				SWIFT_ACTIVE_COMPILATION_CONDITIONS = DEBUG;
				SWIFT_OPTIMIZATION_LEVEL = "-Onone";
			};
			name = Debug;
		};
		B2A8B1222904042900D72339 /* Release */ = {
			isa = XCBuildConfiguration;
			buildSettings = {
				ALWAYS_SEARCH_USER_PATHS = NO;
				CLANG_ANALYZER_NONNULL = YES;
				CLANG_ANALYZER_NUMBER_OBJECT_CONVERSION = YES_AGGRESSIVE;
				CLANG_CXX_LANGUAGE_STANDARD = "gnu++20";
				CLANG_ENABLE_MODULES = YES;
				CLANG_ENABLE_OBJC_ARC = YES;
				CLANG_ENABLE_OBJC_WEAK = YES;
				CLANG_WARN_BLOCK_CAPTURE_AUTORELEASING = YES;
				CLANG_WARN_BOOL_CONVERSION = YES;
				CLANG_WARN_COMMA = YES;
				CLANG_WARN_CONSTANT_CONVERSION = YES;
				CLANG_WARN_DEPRECATED_OBJC_IMPLEMENTATIONS = YES;
				CLANG_WARN_DIRECT_OBJC_ISA_USAGE = YES_ERROR;
				CLANG_WARN_DOCUMENTATION_COMMENTS = YES;
				CLANG_WARN_EMPTY_BODY = YES;
				CLANG_WARN_ENUM_CONVERSION = YES;
				CLANG_WARN_INFINITE_RECURSION = YES;
				CLANG_WARN_INT_CONVERSION = YES;
				CLANG_WARN_NON_LITERAL_NULL_CONVERSION = YES;
				CLANG_WARN_OBJC_IMPLICIT_RETAIN_SELF = YES;
				CLANG_WARN_OBJC_LITERAL_CONVERSION = YES;
				CLANG_WARN_OBJC_ROOT_CLASS = YES_ERROR;
				CLANG_WARN_QUOTED_INCLUDE_IN_FRAMEWORK_HEADER = YES;
				CLANG_WARN_RANGE_LOOP_ANALYSIS = YES;
				CLANG_WARN_STRICT_PROTOTYPES = YES;
				CLANG_WARN_SUSPICIOUS_MOVE = YES;
				CLANG_WARN_UNGUARDED_AVAILABILITY = YES_AGGRESSIVE;
				CLANG_WARN_UNREACHABLE_CODE = YES;
				CLANG_WARN__DUPLICATE_METHOD_MATCH = YES;
				COPY_PHASE_STRIP = NO;
				DEBUG_INFORMATION_FORMAT = "dwarf-with-dsym";
				ENABLE_NS_ASSERTIONS = NO;
				ENABLE_STRICT_OBJC_MSGSEND = YES;
				GCC_C_LANGUAGE_STANDARD = gnu11;
				GCC_NO_COMMON_BLOCKS = YES;
				GCC_WARN_64_TO_32_BIT_CONVERSION = YES;
				GCC_WARN_ABOUT_RETURN_TYPE = YES_ERROR;
				GCC_WARN_UNDECLARED_SELECTOR = YES;
				GCC_WARN_UNINITIALIZED_AUTOS = YES_AGGRESSIVE;
				GCC_WARN_UNUSED_FUNCTION = YES;
				GCC_WARN_UNUSED_VARIABLE = YES;
				IPHONEOS_DEPLOYMENT_TARGET = 16.0;
				MTL_ENABLE_DEBUG_INFO = NO;
				MTL_FAST_MATH = YES;
				SDKROOT = iphoneos;
				SWIFT_COMPILATION_MODE = wholemodule;
				SWIFT_OPTIMIZATION_LEVEL = "-O";
				VALIDATE_PRODUCT = YES;
			};
			name = Release;
		};
		B2A8B1242904042900D72339 /* Debug */ = {
			isa = XCBuildConfiguration;
			buildSettings = {
				ASSETCATALOG_COMPILER_APPICON_NAME = AppIcon;
				ASSETCATALOG_COMPILER_GLOBAL_ACCENT_COLOR_NAME = AccentColor;
				CODE_SIGN_STYLE = Automatic;
				CURRENT_PROJECT_VERSION = 1;
				DEVELOPMENT_ASSET_PATHS = "\"MOTOGP Guide/Preview Content\"";
				ENABLE_PREVIEWS = YES;
				GENERATE_INFOPLIST_FILE = YES;
				INFOPLIST_FILE = "MOTOGP-Guide-Info.plist";
				INFOPLIST_KEY_UIApplicationSceneManifest_Generation = YES;
				INFOPLIST_KEY_UIApplicationSupportsIndirectInputEvents = YES;
				INFOPLIST_KEY_UILaunchScreen_Generation = YES;
				INFOPLIST_KEY_UISupportedInterfaceOrientations_iPad = "UIInterfaceOrientationPortrait UIInterfaceOrientationPortraitUpsideDown UIInterfaceOrientationLandscapeLeft UIInterfaceOrientationLandscapeRight";
				INFOPLIST_KEY_UISupportedInterfaceOrientations_iPhone = "UIInterfaceOrientationPortrait UIInterfaceOrientationLandscapeLeft UIInterfaceOrientationLandscapeRight";
				LD_RUNPATH_SEARCH_PATHS = (
					"$(inherited)",
					"@executable_path/Frameworks",
				);
				MARKETING_VERSION = 1.0;
				PRODUCT_BUNDLE_IDENTIFIER = "com.Ace.MOTOGP-Guide";
				PRODUCT_NAME = "$(TARGET_NAME)";
				SWIFT_EMIT_LOC_STRINGS = YES;
				SWIFT_VERSION = 5.0;
				TARGETED_DEVICE_FAMILY = "1,2";
			};
			name = Debug;
		};
		B2A8B1252904042900D72339 /* Release */ = {
			isa = XCBuildConfiguration;
			buildSettings = {
				ASSETCATALOG_COMPILER_APPICON_NAME = AppIcon;
				ASSETCATALOG_COMPILER_GLOBAL_ACCENT_COLOR_NAME = AccentColor;
				CODE_SIGN_STYLE = Automatic;
				CURRENT_PROJECT_VERSION = 1;
				DEVELOPMENT_ASSET_PATHS = "\"MOTOGP Guide/Preview Content\"";
				ENABLE_PREVIEWS = YES;
				GENERATE_INFOPLIST_FILE = YES;
				INFOPLIST_FILE = "MOTOGP-Guide-Info.plist";
				INFOPLIST_KEY_UIApplicationSceneManifest_Generation = YES;
				INFOPLIST_KEY_UIApplicationSupportsIndirectInputEvents = YES;
				INFOPLIST_KEY_UILaunchScreen_Generation = YES;
				INFOPLIST_KEY_UISupportedInterfaceOrientations_iPad = "UIInterfaceOrientationPortrait UIInterfaceOrientationPortraitUpsideDown UIInterfaceOrientationLandscapeLeft UIInterfaceOrientationLandscapeRight";
				INFOPLIST_KEY_UISupportedInterfaceOrientations_iPhone = "UIInterfaceOrientationPortrait UIInterfaceOrientationLandscapeLeft UIInterfaceOrientationLandscapeRight";
				LD_RUNPATH_SEARCH_PATHS = (
					"$(inherited)",
					"@executable_path/Frameworks",
				);
				MARKETING_VERSION = 1.0;
				PRODUCT_BUNDLE_IDENTIFIER = "com.Ace.MOTOGP-Guide";
				PRODUCT_NAME = "$(TARGET_NAME)";
				SWIFT_EMIT_LOC_STRINGS = YES;
				SWIFT_VERSION = 5.0;
				TARGETED_DEVICE_FAMILY = "1,2";
			};
			name = Release;
		};
/* End XCBuildConfiguration section */

/* Begin XCConfigurationList section */
		B2A8B1102904042800D72339 /* Build configuration list for PBXProject "MOTOGP Guide" */ = {
			isa = XCConfigurationList;
			buildConfigurations = (
				B2A8B1212904042900D72339 /* Debug */,
				B2A8B1222904042900D72339 /* Release */,
			);
			defaultConfigurationIsVisible = 0;
			defaultConfigurationName = Release;
		};
		B2A8B1232904042900D72339 /* Build configuration list for PBXNativeTarget "MOTOGP Guide" */ = {
			isa = XCConfigurationList;
			buildConfigurations = (
				B2A8B1242904042900D72339 /* Debug */,
				B2A8B1252904042900D72339 /* Release */,
			);
			defaultConfigurationIsVisible = 0;
			defaultConfigurationName = Release;
		};
/* End XCConfigurationList section */
	};
	rootObject = B2A8B10D2904042800D72339 /* Project object */;
}
